# This file is automatically @generated by Cargo.
# It is not intended for manual editing.
version = 3

[[package]]
name = "dtkit-patch"
version = "0.1.0"
dependencies = [
 "steam_find",
]

[[package]]
name = "steam_find"
version = "0.1.0"
source = "git+https://github.com/ManShanko/steam_find?rev=1c951920461a02eab72e2bb92512da541a716e75#1c951920461a02eab72e2bb92512da541a716e75"
